// !$*UTF8*$!
{
	archiveVersion = 1;
	classes = {
	};
	objectVersion = 46;
	objects = {

/* Begin PBXBuildFile section */
		610BF97C1BF6DBE00032DC6E /* AppDelegate.swift in Sources */ = {isa = PBXBuildFile; fileRef = 610BF97B1BF6DBE00032DC6E /* AppDelegate.swift */; };
		610BF97E1BF6DBE00032DC6E /* ViewController.swift in Sources */ = {isa = PBXBuildFile; fileRef = 610BF97D1BF6DBE00032DC6E /* ViewController.swift */; };
		610BF9811BF6DBE00032DC6E /* Main.storyboard in Resources */ = {isa = PBXBuildFile; fileRef = 610BF97F1BF6DBE00032DC6E /* Main.storyboard */; };
		610BF9831BF6DBE00032DC6E /* Assets.xcassets in Resources */ = {isa = PBXBuildFile; fileRef = 610BF9821BF6DBE00032DC6E /* Assets.xcassets */; };
		610BF9861BF6DBE00032DC6E /* LaunchScreen.storyboard in Resources */ = {isa = PBXBuildFile; fileRef = 610BF9841BF6DBE00032DC6E /* LaunchScreen.storyboard */; };
		610BF9911BF6DBE00032DC6E /* GitApplicationTests.swift in Sources */ = {isa = PBXBuildFile; fileRef = 610BF9901BF6DBE00032DC6E /* GitApplicationTests.swift */; };
		610BF99C1BF6DBE00032DC6E /* GitApplicationUITests.swift in Sources */ = {isa = PBXBuildFile; fileRef = 610BF99B1BF6DBE00032DC6E /* GitApplicationUITests.swift */; };
/* End PBXBuildFile section */

/* Begin PBXContainerItemProxy section */
		610BF98D1BF6DBE00032DC6E /* PBXContainerItemProxy */ = {
			isa = PBXContainerItemProxy;
			containerPortal = 610BF9701BF6DBE00032DC6E /* Project object */;
			proxyType = 1;
			remoteGlobalIDString = 610BF9771BF6DBE00032DC6E;
			remoteInfo = GitApplication;
		};
		610BF9981BF6DBE00032DC6E /* PBXContainerItemProxy */ = {
			isa = PBXContainerItemProxy;
			containerPortal = 610BF9701BF6DBE00032DC6E /* Project object */;
			proxyType = 1;
			remoteGlobalIDString = 610BF9771BF6DBE00032DC6E;
			remoteInfo = GitApplication;
		};
/* End PBXContainerItemProxy section */

/* Begin PBXFileReference section */
		610BF9781BF6DBE00032DC6E /* GitApplication.app */ = {isa = PBXFileReference; explicitFileType = wrapper.application; includeInIndex = 0; path = GitApplication.app; sourceTree = BUILT_PRODUCTS_DIR; };
		610BF97B1BF6DBE00032DC6E /* AppDelegate.swift */ = {isa = PBXFileReference; lastKnownFileType = sourcecode.swift; path = AppDelegate.swift; sourceTree = "<group>"; };
		610BF97D1BF6DBE00032DC6E /* ViewController.swift */ = {isa = PBXFileReference; lastKnownFileType = sourcecode.swift; path = ViewController.swift; sourceTree = "<group>"; };
		610BF9801BF6DBE00032DC6E /* Base */ = {isa = PBXFileReference; lastKnownFileType = file.storyboard; name = Base; path = Base.lproj/Main.storyboard; sourceTree = "<group>"; };
		610BF9821BF6DBE00032DC6E /* Assets.xcassets */ = {isa = PBXFileReference; lastKnownFileType = folder.assetcatalog; path = Assets.xcassets; sourceTree = "<group>"; };
		610BF9851BF6DBE00032DC6E /* Base */ = {isa = PBXFileReference; lastKnownFileType = file.storyboard; name = Base; path = Base.lproj/LaunchScreen.storyboard; sourceTree = "<group>"; };
		610BF9871BF6DBE00032DC6E /* Info.plist */ = {isa = PBXFileReference; lastKnownFileType = text.plist.xml; path = Info.plist; sourceTree = "<group>"; };
		610BF98C1BF6DBE00032DC6E /* GitApplicationTests.xctest */ = {isa = PBXFileReference; explicitFileType = wrapper.cfbundle; includeInIndex = 0; path = GitApplicationTests.xctest; sourceTree = BUILT_PRODUCTS_DIR; };
		610BF9901BF6DBE00032DC6E /* GitApplicationTests.swift */ = {isa = PBXFileReference; lastKnownFileType = sourcecode.swift; path = GitApplicationTests.swift; sourceTree = "<group>"; };
		610BF9921BF6DBE00032DC6E /* Info.plist */ = {isa = PBXFileReference; lastKnownFileType = text.plist.xml; path = Info.plist; sourceTree = "<group>"; };
		610BF9971BF6DBE00032DC6E /* GitApplicationUITests.xctest */ = {isa = PBXFileReference; explicitFileType = wrapper.cfbundle; includeInIndex = 0; path = GitApplicationUITests.xctest; sourceTree = BUILT_PRODUCTS_DIR; };
		610BF99B1BF6DBE00032DC6E /* GitApplicationUITests.swift */ = {isa = PBXFileReference; lastKnownFileType = sourcecode.swift; path = GitApplicationUITests.swift; sourceTree = "<group>"; };
		610BF99D1BF6DBE00032DC6E /* Info.plist */ = {isa = PBXFileReference; lastKnownFileType = text.plist.xml; path = Info.plist; sourceTree = "<group>"; };
/* End PBXFileReference section */

/* Begin PBXFrameworksBuildPhase section */
		610BF9751BF6DBE00032DC6E /* Frameworks */ = {
			isa = PBXFrameworksBuildPhase;
			buildActionMask = 2147483647;
			files = (
			);
			runOnlyForDeploymentPostprocessing = 0;
		};
		610BF9891BF6DBE00032DC6E /* Frameworks */ = {
			isa = PBXFrameworksBuildPhase;
			buildActionMask = 2147483647;
			files = (
			);
			runOnlyForDeploymentPostprocessing = 0;
		};
		610BF9941BF6DBE00032DC6E /* Frameworks */ = {
			isa = PBXFrameworksBuildPhase;
			buildActionMask = 2147483647;
			files = (
			);
			runOnlyForDeploymentPostprocessing = 0;
		};
/* End PBXFrameworksBuildPhase section */

/* Begin PBXGroup section */
		610BF96F1BF6DBE00032DC6E = {
			isa = PBXGroup;
			children = (
				610BF97A1BF6DBE00032DC6E /* GitApplication */,
				610BF98F1BF6DBE00032DC6E /* GitApplicationTests */,
				610BF99A1BF6DBE00032DC6E /* GitApplicationUITests */,
				610BF9791BF6DBE00032DC6E /* Products */,
			);
			sourceTree = "<group>";
		};
		610BF9791BF6DBE00032DC6E /* Products */ = {
			isa = PBXGroup;
			children = (
				610BF9781BF6DBE00032DC6E /* GitApplication.app */,
				610BF98C1BF6DBE00032DC6E /* GitApplicationTests.xctest */,
				610BF9971BF6DBE00032DC6E /* GitApplicationUITests.xctest */,
			);
			name = Products;
			sourceTree = "<group>";
		};
		610BF97A1BF6DBE00032DC6E /* GitApplication */ = {
			isa = PBXGroup;
			children = (
				610BF97B1BF6DBE00032DC6E /* AppDelegate.swift */,
				610BF97D1BF6DBE00032DC6E /* ViewController.swift */,
				610BF97F1BF6DBE00032DC6E /* Main.storyboard */,
				610BF9821BF6DBE00032DC6E /* Assets.xcassets */,
				610BF9841BF6DBE00032DC6E /* LaunchScreen.storyboard */,
				610BF9871BF6DBE00032DC6E /* Info.plist */,
			);
			path = GitApplication;
			sourceTree = "<group>";
		};
		610BF98F1BF6DBE00032DC6E /* GitApplicationTests */ = {
			isa = PBXGroup;
			children = (
				610BF9901BF6DBE00032DC6E /* GitApplicationTests.swift */,
				610BF9921BF6DBE00032DC6E /* Info.plist */,
			);
			path = GitApplicationTests;
			sourceTree = "<group>";
		};
		610BF99A1BF6DBE00032DC6E /* GitApplicationUITests */ = {
			isa = PBXGroup;
			children = (
				610BF99B1BF6DBE00032DC6E /* GitApplicationUITests.swift */,
				610BF99D1BF6DBE00032DC6E /* Info.plist */,
			);
			path = GitApplicationUITests;
			sourceTree = "<group>";
		};
/* End PBXGroup section */

/* Begin PBXNativeTarget section */
		610BF9771BF6DBE00032DC6E /* GitApplication */ = {
			isa = PBXNativeTarget;
			buildConfigurationList = 610BF9A01BF6DBE00032DC6E /* Build configuration list for PBXNativeTarget "GitApplication" */;
			buildPhases = (
				610BF9741BF6DBE00032DC6E /* Sources */,
				610BF9751BF6DBE00032DC6E /* Frameworks */,
				610BF9761BF6DBE00032DC6E /* Resources */,
			);
			buildRules = (
			);
			dependencies = (
			);
			name = GitApplication;
			productName = GitApplication;
			productReference = 610BF9781BF6DBE00032DC6E /* GitApplication.app */;
			productType = "com.apple.product-type.application";
		};
		610BF98B1BF6DBE00032DC6E /* GitApplicationTests */ = {
			isa = PBXNativeTarget;
			buildConfigurationList = 610BF9A31BF6DBE00032DC6E /* Build configuration list for PBXNativeTarget "GitApplicationTests" */;
			buildPhases = (
				610BF9881BF6DBE00032DC6E /* Sources */,
				610BF9891BF6DBE00032DC6E /* Frameworks */,
				610BF98A1BF6DBE00032DC6E /* Resources */,
			);
			buildRules = (
			);
			dependencies = (
				610BF98E1BF6DBE00032DC6E /* PBXTargetDependency */,
			);
			name = GitApplicationTests;
			productName = GitApplicationTests;
			productReference = 610BF98C1BF6DBE00032DC6E /* GitApplicationTests.xctest */;
			productType = "com.apple.product-type.bundle.unit-test";
		};
		610BF9961BF6DBE00032DC6E /* GitApplicationUITests */ = {
			isa = PBXNativeTarget;
			buildConfigurationList = 610BF9A61BF6DBE00032DC6E /* Build configuration list for PBXNativeTarget "GitApplicationUITests" */;
			buildPhases = (
				610BF9931BF6DBE00032DC6E /* Sources */,
				610BF9941BF6DBE00032DC6E /* Frameworks */,
				610BF9951BF6DBE00032DC6E /* Resources */,
			);
			buildRules = (
			);
			dependencies = (
				610BF9991BF6DBE00032DC6E /* PBXTargetDependency */,
			);
			name = GitApplicationUITests;
			productName = GitApplicationUITests;
			productReference = 610BF9971BF6DBE00032DC6E /* GitApplicationUITests.xctest */;
			productType = "com.apple.product-type.bundle.ui-testing";
		};
/* End PBXNativeTarget section */

/* Begin PBXProject section */
		610BF9701BF6DBE00032DC6E /* Project object */ = {
			isa = PBXProject;
			attributes = {
				LastUpgradeCheck = 0700;
				ORGANIZATIONNAME = "yuki takei";
				TargetAttributes = {
					610BF9771BF6DBE00032DC6E = {
						CreatedOnToolsVersion = 7.0;
					};
					610BF98B1BF6DBE00032DC6E = {
						CreatedOnToolsVersion = 7.0;
						TestTargetID = 610BF9771BF6DBE00032DC6E;
					};
					610BF9961BF6DBE00032DC6E = {
						CreatedOnToolsVersion = 7.0;
						TestTargetID = 610BF9771BF6DBE00032DC6E;
					};
				};
			};
			buildConfigurationList = 610BF9731BF6DBE00032DC6E /* Build configuration list for PBXProject "GitApplication" */;
			compatibilityVersion = "Xcode 3.2";
			developmentRegion = English;
			hasScannedForEncodings = 0;
			knownRegions = (
				en,
				Base,
			);
			mainGroup = 610BF96F1BF6DBE00032DC6E;
			productRefGroup = 610BF9791BF6DBE00032DC6E /* Products */;
			projectDirPath = "";
			projectRoot = "";
			targets = (
				610BF9771BF6DBE00032DC6E /* GitApplication */,
				610BF98B1BF6DBE00032DC6E /* GitApplicationTests */,
				610BF9961BF6DBE00032DC6E /* GitApplicationUITests */,
			);
		};
/* End PBXProject section */

/* Begin PBXResourcesBuildPhase section */
		610BF9761BF6DBE00032DC6E /* Resources */ = {
			isa = PBXResourcesBuildPhase;
			buildActionMask = 2147483647;
			files = (
				610BF9861BF6DBE00032DC6E /* LaunchScreen.storyboard in Resources */,
				610BF9831BF6DBE00032DC6E /* Assets.xcassets in Resources */,
				610BF9811BF6DBE00032DC6E /* Main.storyboard in Resources */,
			);
			runOnlyForDeploymentPostprocessing = 0;
		};
		610BF98A1BF6DBE00032DC6E /* Resources */ = {
			isa = PBXResourcesBuildPhase;
			buildActionMask = 2147483647;
			files = (
			);
			runOnlyForDeploymentPostprocessing = 0;
		};
		610BF9951BF6DBE00032DC6E /* Resources */ = {
			isa = PBXResourcesBuildPhase;
			buildActionMask = 2147483647;
			files = (
			);
			runOnlyForDeploymentPostprocessing = 0;
		};
/* End PBXResourcesBuildPhase section */

/* Begin PBXSourcesBuildPhase section */
		610BF9741BF6DBE00032DC6E /* Sources */ = {
			isa = PBXSourcesBuildPhase;
			buildActionMask = 2147483647;
			files = (
				610BF97E1BF6DBE00032DC6E /* ViewController.swift in Sources */,
				610BF97C1BF6DBE00032DC6E /* AppDelegate.swift in Sources */,
			);
			runOnlyForDeploymentPostprocessing = 0;
		};
		610BF9881BF6DBE00032DC6E /* Sources */ = {
			isa = PBXSourcesBuildPhase;
			buildActionMask = 2147483647;
			files = (
				610BF9911BF6DBE00032DC6E /* GitApplicationTests.swift in Sources */,
			);
			runOnlyForDeploymentPostprocessing = 0;
		};
		610BF9931BF6DBE00032DC6E /* Sources */ = {
			isa = PBXSourcesBuildPhase;
			buildActionMask = 2147483647;
			files = (
				610BF99C1BF6DBE00032DC6E /* GitApplicationUITests.swift in Sources */,
			);
			runOnlyForDeploymentPostprocessing = 0;
		};
/* End PBXSourcesBuildPhase section */

/* Begin PBXTargetDependency section */
		610BF98E1BF6DBE00032DC6E /* PBXTargetDependency */ = {
			isa = PBXTargetDependency;
			target = 610BF9771BF6DBE00032DC6E /* GitApplication */;
			targetProxy = 610BF98D1BF6DBE00032DC6E /* PBXContainerItemProxy */;
		};
		610BF9991BF6DBE00032DC6E /* PBXTargetDependency */ = {
			isa = PBXTargetDependency;
			target = 610BF9771BF6DBE00032DC6E /* GitApplication */;
			targetProxy = 610BF9981BF6DBE00032DC6E /* PBXContainerItemProxy */;
		};
/* End PBXTargetDependency section */

/* Begin PBXVariantGroup section */
		610BF97F1BF6DBE00032DC6E /* Main.storyboard */ = {
			isa = PBXVariantGroup;
			children = (
				610BF9801BF6DBE00032DC6E /* Base */,
			);
			name = Main.storyboard;
			sourceTree = "<group>";
		};
		610BF9841BF6DBE00032DC6E /* LaunchScreen.storyboard */ = {
			isa = PBXVariantGroup;
			children = (
				610BF9851BF6DBE00032DC6E /* Base */,
			);
			name = LaunchScreen.storyboard;
			sourceTree = "<group>";
		};
/* End PBXVariantGroup section */

/* Begin XCBuildConfiguration section */
		610BF99E1BF6DBE00032DC6E /* Debug */ = {
			isa = XCBuildConfiguration;
			buildSettings = {
				ALWAYS_SEARCH_USER_PATHS = NO;
				CLANG_CXX_LANGUAGE_STANDARD = "gnu++0x";
				CLANG_CXX_LIBRARY = "libc++";
				CLANG_ENABLE_MODULES = YES;
				CLANG_ENABLE_OBJC_ARC = YES;
				CLANG_WARN_BOOL_CONVERSION = YES;
				CLANG_WARN_CONSTANT_CONVERSION = YES;
				CLANG_WARN_DIRECT_OBJC_ISA_USAGE = YES_ERROR;
				CLANG_WARN_EMPTY_BODY = YES;
				CLANG_WARN_ENUM_CONVERSION = YES;
				CLANG_WARN_INT_CONVERSION = YES;
				CLANG_WARN_OBJC_ROOT_CLASS = YES_ERROR;
				CLANG_WARN_UNREACHABLE_CODE = YES;
				CLANG_WARN__DUPLICATE_METHOD_MATCH = YES;
				"CODE_SIGN_IDENTITY[sdk=iphoneos*]" = "iPhone Developer";
				COPY_PHASE_STRIP = NO;
				DEBUG_INFORMATION_FORMAT = dwarf;
				ENABLE_STRICT_OBJC_MSGSEND = YES;
				ENABLE_TESTABILITY = YES;
				GCC_C_LANGUAGE_STANDARD = gnu99;
				GCC_DYNAMIC_NO_PIC = NO;
				GCC_NO_COMMON_BLOCKS = YES;
				GCC_OPTIMIZATION_LEVEL = 0;
				GCC_PREPROCESSOR_DEFINITIONS = (
					"DEBUG=1",
					"$(inherited)",
				);
				GCC_WARN_64_TO_32_BIT_CONVERSION = YES;
				GCC_WARN_ABOUT_RETURN_TYPE = YES_ERROR;
				GCC_WARN_UNDECLARED_SELECTOR = YES;
				GCC_WARN_UNINITIALIZED_AUTOS = YES_AGGRESSIVE;
				GCC_WARN_UNUSED_FUNCTION = YES;
				GCC_WARN_UNUSED_VARIABLE = YES;
				IPHONEOS_DEPLOYMENT_TARGET = 9.0;
				MTL_ENABLE_DEBUG_INFO = YES;
				ONLY_ACTIVE_ARCH = YES;
				SDKROOT = iphoneos;
				SWIFT_OPTIMIZATION_LEVEL = "-Onone";
			};
			name = Debug;
		};
		610BF99F1BF6DBE00032DC6E /* Release */ = {
			isa = XCBuildConfiguration;
			buildSettings = {
				ALWAYS_SEARCH_USER_PATHS = NO;
				CLANG_CXX_LANGUAGE_STANDARD = "gnu++0x";
				CLANG_CXX_LIBRARY = "libc++";
				CLANG_ENABLE_MODULES = YES;
				CLANG_ENABLE_OBJC_ARC = YES;
				CLANG_WARN_BOOL_CONVERSION = YES;
				CLANG_WARN_CONSTANT_CONVERSION = YES;
				CLANG_WARN_DIRECT_OBJC_ISA_USAGE = YES_ERROR;
				CLANG_WARN_EMPTY_BODY = YES;
				CLANG_WARN_ENUM_CONVERSION = YES;
				CLANG_WARN_INT_CONVERSION = YES;
				CLANG_WARN_OBJC_ROOT_CLASS = YES_ERROR;
				CLANG_WARN_UNREACHABLE_CODE = YES;
				CLANG_WARN__DUPLICATE_METHOD_MATCH = YES;
				"CODE_SIGN_IDENTITY[sdk=iphoneos*]" = "iPhone Developer";
				COPY_PHASE_STRIP = NO;
				DEBUG_INFORMATION_FORMAT = "dwarf-with-dsym";
				ENABLE_NS_ASSERTIONS = NO;
				ENABLE_STRICT_OBJC_MSGSEND = YES;
				GCC_C_LANGUAGE_STANDARD = gnu99;
				GCC_NO_COMMON_BLOCKS = YES;
				GCC_WARN_64_TO_32_BIT_CONVERSION = YES;
				GCC_WARN_ABOUT_RETURN_TYPE = YES_ERROR;
				GCC_WARN_UNDECLARED_SELECTOR = YES;
				GCC_WARN_UNINITIALIZED_AUTOS = YES_AGGRESSIVE;
				GCC_WARN_UNUSED_FUNCTION = YES;
				GCC_WARN_UNUSED_VARIABLE = YES;
				IPHONEOS_DEPLOYMENT_TARGET = 9.0;
				MTL_ENABLE_DEBUG_INFO = NO;
				SDKROOT = iphoneos;
				VALIDATE_PRODUCT = YES;
			};
			name = Release;
		};
		610BF9A11BF6DBE00032DC6E /* Debug */ = {
			isa = XCBuildConfiguration;
			buildSettings = {
				ASSETCATALOG_COMPILER_APPICON_NAME = AppIcon;
				INFOPLIST_FILE = GitApplication/Info.plist;
				LD_RUNPATH_SEARCH_PATHS = "$(inherited) @executable_path/Frameworks";
				PRODUCT_BUNDLE_IDENTIFIER = nokonoko.GitApplication;
				PRODUCT_NAME = "$(TARGET_NAME)";
			};
			name = Debug;
		};
		610BF9A21BF6DBE00032DC6E /* Release */ = {
			isa = XCBuildConfiguration;
			buildSettings = {
				ASSETCATALOG_COMPILER_APPICON_NAME = AppIcon;
				INFOPLIST_FILE = GitApplication/Info.plist;
				LD_RUNPATH_SEARCH_PATHS = "$(inherited) @executable_path/Frameworks";
				PRODUCT_BUNDLE_IDENTIFIER = nokonoko.GitApplication;
				PRODUCT_NAME = "$(TARGET_NAME)";
			};
			name = Release;
		};
		610BF9A41BF6DBE00032DC6E /* Debug */ = {
			isa = XCBuildConfiguration;
			buildSettings = {
				BUNDLE_LOADER = "$(TEST_HOST)";
				INFOPLIST_FILE = GitApplicationTests/Info.plist;
				LD_RUNPATH_SEARCH_PATHS = "$(inherited) @executable_path/Frameworks @loader_path/Frameworks";
				PRODUCT_BUNDLE_IDENTIFIER = nokonoko.GitApplicationTests;
				PRODUCT_NAME = "$(TARGET_NAME)";
				TEST_HOST = "$(BUILT_PRODUCTS_DIR)/GitApplication.app/GitApplication";
			};
			name = Debug;
		};
		610BF9A51BF6DBE00032DC6E /* Release */ = {
			isa = XCBuildConfiguration;
			buildSettings = {
				BUNDLE_LOADER = "$(TEST_HOST)";
				INFOPLIST_FILE = GitApplicationTests/Info.plist;
				LD_RUNPATH_SEARCH_PATHS = "$(inherited) @executable_path/Frameworks @loader_path/Frameworks";
				PRODUCT_BUNDLE_IDENTIFIER = nokonoko.GitApplicationTests;
				PRODUCT_NAME = "$(TARGET_NAME)";
				TEST_HOST = "$(BUILT_PRODUCTS_DIR)/GitApplication.app/GitApplication";
			};
			name = Release;
		};
		610BF9A71BF6DBE00032DC6E /* Debug */ = {
			isa = XCBuildConfiguration;
			buildSettings = {
				INFOPLIST_FILE = GitApplicationUITests/Info.plist;
				LD_RUNPATH_SEARCH_PATHS = "$(inherited) @executable_path/Frameworks @loader_path/Frameworks";
				PRODUCT_BUNDLE_IDENTIFIER = nokonoko.GitApplicationUITests;
				PRODUCT_NAME = "$(TARGET_NAME)";
				TEST_TARGET_NAME = GitApplication;
				USES_XCTRUNNER = YES;
			};
			name = Debug;
		};
		610BF9A81BF6DBE00032DC6E /* Release */ = {
			isa = XCBuildConfiguration;
			buildSettings = {
				INFOPLIST_FILE = GitApplicationUITests/Info.plist;
				LD_RUNPATH_SEARCH_PATHS = "$(inherited) @executable_path/Frameworks @loader_path/Frameworks";
				PRODUCT_BUNDLE_IDENTIFIER = nokonoko.GitApplicationUITests;
				PRODUCT_NAME = "$(TARGET_NAME)";
				TEST_TARGET_NAME = GitApplication;
				USES_XCTRUNNER = YES;
			};
			name = Release;
		};
/* End XCBuildConfiguration section */

/* Begin XCConfigurationList section */
		610BF9731BF6DBE00032DC6E /* Build configuration list for PBXProject "GitApplication" */ = {
			isa = XCConfigurationList;
			buildConfigurations = (
				610BF99E1BF6DBE00032DC6E /* Debug */,
				610BF99F1BF6DBE00032DC6E /* Release */,
			);
			defaultConfigurationIsVisible = 0;
			defaultConfigurationName = Release;
		};
		610BF9A01BF6DBE00032DC6E /* Build configuration list for PBXNativeTarget "GitApplication" */ = {
			isa = XCConfigurationList;
			buildConfigurations = (
				610BF9A11BF6DBE00032DC6E /* Debug */,
				610BF9A21BF6DBE00032DC6E /* Release */,
			);
			defaultConfigurationIsVisible = 0;
		};
		610BF9A31BF6DBE00032DC6E /* Build configuration list for PBXNativeTarget "GitApplicationTests" */ = {
			isa = XCConfigurationList;
			buildConfigurations = (
				610BF9A41BF6DBE00032DC6E /* Debug */,
				610BF9A51BF6DBE00032DC6E /* Release */,
			);
			defaultConfigurationIsVisible = 0;
		};
		610BF9A61BF6DBE00032DC6E /* Build configuration list for PBXNativeTarget "GitApplicationUITests" */ = {
			isa = XCConfigurationList;
			buildConfigurations = (
				610BF9A71BF6DBE00032DC6E /* Debug */,
				610BF9A81BF6DBE00032DC6E /* Release */,
			);
			defaultConfigurationIsVisible = 0;
		};
/* End XCConfigurationList section */
	};
	rootObject = 610BF9701BF6DBE00032DC6E /* Project object */;
}
